
Microsoft Visual Studio Solution File, Format Version 12.00
# Visual Studio Version 17
VisualStudioVersion = 17.3.32901.215
MinimumVisualStudioVersion = 10.0.40219.1
Project("{9A19103F-16F7-4668-BE54-9A1E7A4F7556}") = "VEMS.MathCore", "VEMS.MathCore\VEMS.MathCore.csproj", "{63582115-30ED-4B89-8899-BE3B8AD08778}"
EndProject
Project("{9A19103F-16F7-4668-BE54-9A1E7A4F7556}") = "VEMS.EMSolver", "VEMS.EMSolver\VEMS.EMSolver.csproj", "{09BE3FAD-36A6-40B9-B40B-001465FF7EFB}"
EndProject
Project("{9A19103F-16F7-4668-BE54-9A1E7A4F7556}") = "VEMS.RayTrace", "VEMS.RayTrace\VEMS.RayTrace.csproj", "{E6D8E1A4-2458-4461-A59E-C0B5ED2402B0}"
EndProject
Project("{9A19103F-16F7-4668-BE54-9A1E7A4F7556}") = "VEMS.Plot", "VEMS.Plot\VEMS.Plot.csproj", "{85B46B66-5F03-4E11-8F56-76C18393CCE1}"
EndProject
Project("{9A19103F-16F7-4668-BE54-9A1E7A4F7556}") = "VEMS.MLayers", "VEMS.MLayers\VEMS.MLayers.csproj", "{AC11B796-4DB8-4064-B264-017A6D36FBF4}"
EndProject
Project("{8BC9CEB8-8B4A-11D0-8D11-00A0C91BC942}") = "WMathCore", "WMathCore\WMathCore.vcxproj", "{49C3428E-512F-43B2-94F3-D06E79119085}"
EndProject
Project("{9A19103F-16F7-4668-BE54-9A1E7A4F7556}") = "VEMS.WorkBench", "VEMS.WorkBench\VEMS.WorkBench.csproj", "{1EA48AF6-4245-4ECF-9897-E6A425505EA4}"
EndProject
Project("{9A19103F-16F7-4668-BE54-9A1E7A4F7556}") = "VEMS.Parallel", "VEMS.Parallel\VEMS.Parallel.csproj", "{BA50A8BE-EA81-4A99-8E48-25AC787C7019}"
EndProject
Project("{9A19103F-16F7-4668-BE54-9A1E7A4F7556}") = "VEMS.Plot5", "VEMS.Plot5\VEMS.Plot5.csproj", "{678BFEF0-C796-469C-8805-8747F5F1E2A8}"
EndProject
Project("{9A19103F-16F7-4668-BE54-9A1E7A4F7556}") = "VEMS.Plot5Tests", "VEMS.Plot5Tests\VEMS.Plot5Tests.csproj", "{14AB9880-8208-4932-891A-7B5B29FEEF89}"
EndProject
Project("{2150E333-8FDC-42A3-9474-1A3956D46DE8}") = "Solution Items", "Solution Items", "{02EA681E-C7D8-13C7-8484-4AC65E1B71E8}"
	ProjectSection(SolutionItems) = preProject
		.editorconfig = .editorconfig
	EndProjectSection
EndProject
Project("{FAE04EC0-301F-11D3-BF4B-00C04F79EFBC}") = "VEMS.AMathCore", "VEMS.AMathCore\VEMS.AMathCore.csproj", "{AEF66B6C-C86B-4FF5-9931-6255BD9A602D}"
EndProject
Project("{FAE04EC0-301F-11D3-BF4B-00C04F79EFBC}") = "VEMS.TestConsole", "VEMS.TestConsole\VEMS.TestConsole.csproj", "{B67C19E4-4A17-4E19-9C7F-8E6575501ED7}"
EndProject
Project("{FAE04EC0-301F-11D3-BF4B-00C04F79EFBC}") = "VEMS.APlot", "VEMS.APlot\VEMS.APlot.csproj", "{7067E0A4-3BA0-47E9-B428-3A8E94A10628}"
EndProject
Global
	GlobalSection(SolutionConfigurationPlatforms) = preSolution
		Debug|Any CPU = Debug|Any CPU
		Debug|x64 = Debug|x64
		Debug|x86 = Debug|x86
		Release|Any CPU = Release|Any CPU
		Release|x64 = Release|x64
		Release|x86 = Release|x86
	EndGlobalSection
	GlobalSection(ProjectConfigurationPlatforms) = postSolution
		{63582115-30ED-4B89-8899-BE3B8AD08778}.Debug|Any CPU.ActiveCfg = Debug|Any CPU
		{63582115-30ED-4B89-8899-BE3B8AD08778}.Debug|Any CPU.Build.0 = Debug|Any CPU
		{63582115-30ED-4B89-8899-BE3B8AD08778}.Debug|x64.ActiveCfg = Debug|x64
		{63582115-30ED-4B89-8899-BE3B8AD08778}.Debug|x64.Build.0 = Debug|x64
		{63582115-30ED-4B89-8899-BE3B8AD08778}.Debug|x86.ActiveCfg = Debug|Any CPU
		{63582115-30ED-4B89-8899-BE3B8AD08778}.Debug|x86.Build.0 = Debug|Any CPU
		{63582115-30ED-4B89-8899-BE3B8AD08778}.Release|Any CPU.ActiveCfg = Release|Any CPU
		{63582115-30ED-4B89-8899-BE3B8AD08778}.Release|Any CPU.Build.0 = Release|Any CPU
		{63582115-30ED-4B89-8899-BE3B8AD08778}.Release|x64.ActiveCfg = Release|x64
		{63582115-30ED-4B89-8899-BE3B8AD08778}.Release|x64.Build.0 = Release|x64
		{63582115-30ED-4B89-8899-BE3B8AD08778}.Release|x86.ActiveCfg = Release|Any CPU
		{63582115-30ED-4B89-8899-BE3B8AD08778}.Release|x86.Build.0 = Release|Any CPU
		{09BE3FAD-36A6-40B9-B40B-001465FF7EFB}.Debug|Any CPU.ActiveCfg = Debug|Any CPU
		{09BE3FAD-36A6-40B9-B40B-001465FF7EFB}.Debug|Any CPU.Build.0 = Debug|Any CPU
		{09BE3FAD-36A6-40B9-B40B-001465FF7EFB}.Debug|x64.ActiveCfg = Debug|x64
		{09BE3FAD-36A6-40B9-B40B-001465FF7EFB}.Debug|x64.Build.0 = Debug|x64
		{09BE3FAD-36A6-40B9-B40B-001465FF7EFB}.Debug|x86.ActiveCfg = Debug|Any CPU
		{09BE3FAD-36A6-40B9-B40B-001465FF7EFB}.Debug|x86.Build.0 = Debug|Any CPU
		{09BE3FAD-36A6-40B9-B40B-001465FF7EFB}.Release|Any CPU.ActiveCfg = Release|Any CPU
		{09BE3FAD-36A6-40B9-B40B-001465FF7EFB}.Release|Any CPU.Build.0 = Release|Any CPU
		{09BE3FAD-36A6-40B9-B40B-001465FF7EFB}.Release|x64.ActiveCfg = Release|x64
		{09BE3FAD-36A6-40B9-B40B-001465FF7EFB}.Release|x64.Build.0 = Release|x64
		{09BE3FAD-36A6-40B9-B40B-001465FF7EFB}.Release|x86.ActiveCfg = Release|Any CPU
		{09BE3FAD-36A6-40B9-B40B-001465FF7EFB}.Release|x86.Build.0 = Release|Any CPU
		{E6D8E1A4-2458-4461-A59E-C0B5ED2402B0}.Debug|Any CPU.ActiveCfg = Debug|Any CPU
		{E6D8E1A4-2458-4461-A59E-C0B5ED2402B0}.Debug|Any CPU.Build.0 = Debug|Any CPU
		{E6D8E1A4-2458-4461-A59E-C0B5ED2402B0}.Debug|x64.ActiveCfg = Debug|x64
		{E6D8E1A4-2458-4461-A59E-C0B5ED2402B0}.Debug|x64.Build.0 = Debug|x64
		{E6D8E1A4-2458-4461-A59E-C0B5ED2402B0}.Debug|x86.ActiveCfg = Debug|Any CPU
		{E6D8E1A4-2458-4461-A59E-C0B5ED2402B0}.Debug|x86.Build.0 = Debug|Any CPU
		{E6D8E1A4-2458-4461-A59E-C0B5ED2402B0}.Release|Any CPU.ActiveCfg = Release|Any CPU
		{E6D8E1A4-2458-4461-A59E-C0B5ED2402B0}.Release|Any CPU.Build.0 = Release|Any CPU
		{E6D8E1A4-2458-4461-A59E-C0B5ED2402B0}.Release|x64.ActiveCfg = Release|x64
		{E6D8E1A4-2458-4461-A59E-C0B5ED2402B0}.Release|x64.Build.0 = Release|x64
		{E6D8E1A4-2458-4461-A59E-C0B5ED2402B0}.Release|x86.ActiveCfg = Release|Any CPU
		{E6D8E1A4-2458-4461-A59E-C0B5ED2402B0}.Release|x86.Build.0 = Release|Any CPU
		{85B46B66-5F03-4E11-8F56-76C18393CCE1}.Debug|Any CPU.ActiveCfg = Debug|Any CPU
		{85B46B66-5F03-4E11-8F56-76C18393CCE1}.Debug|Any CPU.Build.0 = Debug|Any CPU
		{85B46B66-5F03-4E11-8F56-76C18393CCE1}.Debug|x64.ActiveCfg = Debug|x64
		{85B46B66-5F03-4E11-8F56-76C18393CCE1}.Debug|x64.Build.0 = Debug|x64
		{85B46B66-5F03-4E11-8F56-76C18393CCE1}.Debug|x86.ActiveCfg = Debug|Any CPU
		{85B46B66-5F03-4E11-8F56-76C18393CCE1}.Debug|x86.Build.0 = Debug|Any CPU
		{85B46B66-5F03-4E11-8F56-76C18393CCE1}.Release|Any CPU.ActiveCfg = Release|Any CPU
		{85B46B66-5F03-4E11-8F56-76C18393CCE1}.Release|Any CPU.Build.0 = Release|Any CPU
		{85B46B66-5F03-4E11-8F56-76C18393CCE1}.Release|x64.ActiveCfg = Release|x64
		{85B46B66-5F03-4E11-8F56-76C18393CCE1}.Release|x64.Build.0 = Release|x64
		{85B46B66-5F03-4E11-8F56-76C18393CCE1}.Release|x86.ActiveCfg = Release|Any CPU
		{85B46B66-5F03-4E11-8F56-76C18393CCE1}.Release|x86.Build.0 = Release|Any CPU
		{AC11B796-4DB8-4064-B264-017A6D36FBF4}.Debug|Any CPU.ActiveCfg = Debug|Any CPU
		{AC11B796-4DB8-4064-B264-017A6D36FBF4}.Debug|Any CPU.Build.0 = Debug|Any CPU
		{AC11B796-4DB8-4064-B264-017A6D36FBF4}.Debug|x64.ActiveCfg = Debug|x64
		{AC11B796-4DB8-4064-B264-017A6D36FBF4}.Debug|x64.Build.0 = Debug|x64
		{AC11B796-4DB8-4064-B264-017A6D36FBF4}.Debug|x86.ActiveCfg = Debug|Any CPU
		{AC11B796-4DB8-4064-B264-017A6D36FBF4}.Debug|x86.Build.0 = Debug|Any CPU
		{AC11B796-4DB8-4064-B264-017A6D36FBF4}.Release|Any CPU.ActiveCfg = Release|Any CPU
		{AC11B796-4DB8-4064-B264-017A6D36FBF4}.Release|Any CPU.Build.0 = Release|Any CPU
		{AC11B796-4DB8-4064-B264-017A6D36FBF4}.Release|x64.ActiveCfg = Release|x64
		{AC11B796-4DB8-4064-B264-017A6D36FBF4}.Release|x64.Build.0 = Release|x64
		{AC11B796-4DB8-4064-B264-017A6D36FBF4}.Release|x86.ActiveCfg = Release|Any CPU
		{AC11B796-4DB8-4064-B264-017A6D36FBF4}.Release|x86.Build.0 = Release|Any CPU
		{49C3428E-512F-43B2-94F3-D06E79119085}.Debug|Any CPU.ActiveCfg = Debug|x64
		{49C3428E-512F-43B2-94F3-D06E79119085}.Debug|Any CPU.Build.0 = Debug|x64
		{49C3428E-512F-43B2-94F3-D06E79119085}.Debug|x64.ActiveCfg = Debug|x64
		{49C3428E-512F-43B2-94F3-D06E79119085}.Debug|x64.Build.0 = Debug|x64
		{49C3428E-512F-43B2-94F3-D06E79119085}.Debug|x86.ActiveCfg = Debug|Win32
		{49C3428E-512F-43B2-94F3-D06E79119085}.Debug|x86.Build.0 = Debug|Win32
		{49C3428E-512F-43B2-94F3-D06E79119085}.Release|Any CPU.ActiveCfg = Release|x64
		{49C3428E-512F-43B2-94F3-D06E79119085}.Release|Any CPU.Build.0 = Release|x64
		{49C3428E-512F-43B2-94F3-D06E79119085}.Release|x64.ActiveCfg = Release|x64
		{49C3428E-512F-43B2-94F3-D06E79119085}.Release|x64.Build.0 = Release|x64
		{49C3428E-512F-43B2-94F3-D06E79119085}.Release|x86.ActiveCfg = Release|Win32
		{49C3428E-512F-43B2-94F3-D06E79119085}.Release|x86.Build.0 = Release|Win32
		{1EA48AF6-4245-4ECF-9897-E6A425505EA4}.Debug|Any CPU.ActiveCfg = Debug|Any CPU
		{1EA48AF6-4245-4ECF-9897-E6A425505EA4}.Debug|Any CPU.Build.0 = Debug|Any CPU
		{1EA48AF6-4245-4ECF-9897-E6A425505EA4}.Debug|x64.ActiveCfg = Debug|x64
		{1EA48AF6-4245-4ECF-9897-E6A425505EA4}.Debug|x64.Build.0 = Debug|x64
		{1EA48AF6-4245-4ECF-9897-E6A425505EA4}.Debug|x86.ActiveCfg = Debug|Any CPU
		{1EA48AF6-4245-4ECF-9897-E6A425505EA4}.Debug|x86.Build.0 = Debug|Any CPU
		{1EA48AF6-4245-4ECF-9897-E6A425505EA4}.Release|Any CPU.ActiveCfg = Release|Any CPU
		{1EA48AF6-4245-4ECF-9897-E6A425505EA4}.Release|Any CPU.Build.0 = Release|Any CPU
		{1EA48AF6-4245-4ECF-9897-E6A425505EA4}.Release|x64.ActiveCfg = Release|x64
		{1EA48AF6-4245-4ECF-9897-E6A425505EA4}.Release|x64.Build.0 = Release|x64
		{1EA48AF6-4245-4ECF-9897-E6A425505EA4}.Release|x86.ActiveCfg = Release|Any CPU
		{1EA48AF6-4245-4ECF-9897-E6A425505EA4}.Release|x86.Build.0 = Release|Any CPU
		{BA50A8BE-EA81-4A99-8E48-25AC787C7019}.Debug|Any CPU.ActiveCfg = Debug|Any CPU
		{BA50A8BE-EA81-4A99-8E48-25AC787C7019}.Debug|Any CPU.Build.0 = Debug|Any CPU
		{BA50A8BE-EA81-4A99-8E48-25AC787C7019}.Debug|x64.ActiveCfg = Debug|x64
		{BA50A8BE-EA81-4A99-8E48-25AC787C7019}.Debug|x64.Build.0 = Debug|x64
		{BA50A8BE-EA81-4A99-8E48-25AC787C7019}.Debug|x86.ActiveCfg = Debug|Any CPU
		{BA50A8BE-EA81-4A99-8E48-25AC787C7019}.Debug|x86.Build.0 = Debug|Any CPU
		{BA50A8BE-EA81-4A99-8E48-25AC787C7019}.Release|Any CPU.ActiveCfg = Release|Any CPU
		{BA50A8BE-EA81-4A99-8E48-25AC787C7019}.Release|Any CPU.Build.0 = Release|Any CPU
		{BA50A8BE-EA81-4A99-8E48-25AC787C7019}.Release|x64.ActiveCfg = Release|x64
		{BA50A8BE-EA81-4A99-8E48-25AC787C7019}.Release|x64.Build.0 = Release|x64
		{BA50A8BE-EA81-4A99-8E48-25AC787C7019}.Release|x86.ActiveCfg = Release|Any CPU
		{BA50A8BE-EA81-4A99-8E48-25AC787C7019}.Release|x86.Build.0 = Release|Any CPU
		{678BFEF0-C796-469C-8805-8747F5F1E2A8}.Debug|Any CPU.ActiveCfg = Debug|Any CPU
		{678BFEF0-C796-469C-8805-8747F5F1E2A8}.Debug|Any CPU.Build.0 = Debug|Any CPU
		{678BFEF0-C796-469C-8805-8747F5F1E2A8}.Debug|x64.ActiveCfg = Debug|x64
		{678BFEF0-C796-469C-8805-8747F5F1E2A8}.Debug|x64.Build.0 = Debug|x64
		{678BFEF0-C796-469C-8805-8747F5F1E2A8}.Debug|x86.ActiveCfg = Debug|Any CPU
		{678BFEF0-C796-469C-8805-8747F5F1E2A8}.Debug|x86.Build.0 = Debug|Any CPU
		{678BFEF0-C796-469C-8805-8747F5F1E2A8}.Release|Any CPU.ActiveCfg = Release|Any CPU
		{678BFEF0-C796-469C-8805-8747F5F1E2A8}.Release|Any CPU.Build.0 = Release|Any CPU
		{678BFEF0-C796-469C-8805-8747F5F1E2A8}.Release|x64.ActiveCfg = Release|x64
		{678BFEF0-C796-469C-8805-8747F5F1E2A8}.Release|x64.Build.0 = Release|x64
		{678BFEF0-C796-469C-8805-8747F5F1E2A8}.Release|x86.ActiveCfg = Release|Any CPU
		{678BFEF0-C796-469C-8805-8747F5F1E2A8}.Release|x86.Build.0 = Release|Any CPU
		{14AB9880-8208-4932-891A-7B5B29FEEF89}.Debug|Any CPU.ActiveCfg = Debug|Any CPU
		{14AB9880-8208-4932-891A-7B5B29FEEF89}.Debug|Any CPU.Build.0 = Debug|Any CPU
		{14AB9880-8208-4932-891A-7B5B29FEEF89}.Debug|x64.ActiveCfg = Debug|x64
		{14AB9880-8208-4932-891A-7B5B29FEEF89}.Debug|x64.Build.0 = Debug|x64
		{14AB9880-8208-4932-891A-7B5B29FEEF89}.Debug|x86.ActiveCfg = Debug|Any CPU
		{14AB9880-8208-4932-891A-7B5B29FEEF89}.Debug|x86.Build.0 = Debug|Any CPU
		{14AB9880-8208-4932-891A-7B5B29FEEF89}.Release|Any CPU.ActiveCfg = Release|Any CPU
		{14AB9880-8208-4932-891A-7B5B29FEEF89}.Release|Any CPU.Build.0 = Release|Any CPU
		{14AB9880-8208-4932-891A-7B5B29FEEF89}.Release|x64.ActiveCfg = Release|x64
		{14AB9880-8208-4932-891A-7B5B29FEEF89}.Release|x64.Build.0 = Release|x64
		{14AB9880-8208-4932-891A-7B5B29FEEF89}.Release|x86.ActiveCfg = Release|Any CPU
		{14AB9880-8208-4932-891A-7B5B29FEEF89}.Release|x86.Build.0 = Release|Any CPU
		{AEF66B6C-C86B-4FF5-9931-6255BD9A602D}.Debug|Any CPU.ActiveCfg = Debug|Any CPU
		{AEF66B6C-C86B-4FF5-9931-6255BD9A602D}.Debug|Any CPU.Build.0 = Debug|Any CPU
		{AEF66B6C-C86B-4FF5-9931-6255BD9A602D}.Debug|x64.ActiveCfg = Debug|Any CPU
		{AEF66B6C-C86B-4FF5-9931-6255BD9A602D}.Debug|x64.Build.0 = Debug|Any CPU
		{AEF66B6C-C86B-4FF5-9931-6255BD9A602D}.Debug|x86.ActiveCfg = Debug|Any CPU
		{AEF66B6C-C86B-4FF5-9931-6255BD9A602D}.Debug|x86.Build.0 = Debug|Any CPU
		{AEF66B6C-C86B-4FF5-9931-6255BD9A602D}.Release|Any CPU.ActiveCfg = Release|Any CPU
		{AEF66B6C-C86B-4FF5-9931-6255BD9A602D}.Release|Any CPU.Build.0 = Release|Any CPU
		{AEF66B6C-C86B-4FF5-9931-6255BD9A602D}.Release|x64.ActiveCfg = Release|Any CPU
		{AEF66B6C-C86B-4FF5-9931-6255BD9A602D}.Release|x64.Build.0 = Release|Any CPU
		{AEF66B6C-C86B-4FF5-9931-6255BD9A602D}.Release|x86.ActiveCfg = Release|Any CPU
		{AEF66B6C-C86B-4FF5-9931-6255BD9A602D}.Release|x86.Build.0 = Release|Any CPU
		{B67C19E4-4A17-4E19-9C7F-8E6575501ED7}.Debug|Any CPU.ActiveCfg = Debug|Any CPU
		{B67C19E4-4A17-4E19-9C7F-8E6575501ED7}.Debug|Any CPU.Build.0 = Debug|Any CPU
		{B67C19E4-4A17-4E19-9C7F-8E6575501ED7}.Debug|x64.ActiveCfg = Debug|Any CPU
		{B67C19E4-4A17-4E19-9C7F-8E6575501ED7}.Debug|x64.Build.0 = Debug|Any CPU
		{B67C19E4-4A17-4E19-9C7F-8E6575501ED7}.Debug|x86.ActiveCfg = Debug|Any CPU
		{B67C19E4-4A17-4E19-9C7F-8E6575501ED7}.Debug|x86.Build.0 = Debug|Any CPU
		{B67C19E4-4A17-4E19-9C7F-8E6575501ED7}.Release|Any CPU.ActiveCfg = Release|Any CPU
		{B67C19E4-4A17-4E19-9C7F-8E6575501ED7}.Release|Any CPU.Build.0 = Release|Any CPU
		{B67C19E4-4A17-4E19-9C7F-8E6575501ED7}.Release|x64.ActiveCfg = Release|Any CPU
		{B67C19E4-4A17-4E19-9C7F-8E6575501ED7}.Release|x64.Build.0 = Release|Any CPU
		{B67C19E4-4A17-4E19-9C7F-8E6575501ED7}.Release|x86.ActiveCfg = Release|Any CPU
		{B67C19E4-4A17-4E19-9C7F-8E6575501ED7}.Release|x86.Build.0 = Release|Any CPU
		{7067E0A4-3BA0-47E9-B428-3A8E94A10628}.Debug|Any CPU.ActiveCfg = Debug|Any CPU
		{7067E0A4-3BA0-47E9-B428-3A8E94A10628}.Debug|Any CPU.Build.0 = Debug|Any CPU
		{7067E0A4-3BA0-47E9-B428-3A8E94A10628}.Debug|x64.ActiveCfg = Debug|Any CPU
		{7067E0A4-3BA0-47E9-B428-3A8E94A10628}.Debug|x64.Build.0 = Debug|Any CPU
		{7067E0A4-3BA0-47E9-B428-3A8E94A10628}.Debug|x86.ActiveCfg = Debug|Any CPU
		{7067E0A4-3BA0-47E9-B428-3A8E94A10628}.Debug|x86.Build.0 = Debug|Any CPU
		{7067E0A4-3BA0-47E9-B428-3A8E94A10628}.Release|Any CPU.ActiveCfg = Release|Any CPU
		{7067E0A4-3BA0-47E9-B428-3A8E94A10628}.Release|Any CPU.Build.0 = Release|Any CPU
		{7067E0A4-3BA0-47E9-B428-3A8E94A10628}.Release|x64.ActiveCfg = Release|Any CPU
		{7067E0A4-3BA0-47E9-B428-3A8E94A10628}.Release|x64.Build.0 = Release|Any CPU
		{7067E0A4-3BA0-47E9-B428-3A8E94A10628}.Release|x86.ActiveCfg = Release|Any CPU
		{7067E0A4-3BA0-47E9-B428-3A8E94A10628}.Release|x86.Build.0 = Release|Any CPU
	EndGlobalSection
	GlobalSection(SolutionProperties) = preSolution
		HideSolutionNode = FALSE
	EndGlobalSection
	GlobalSection(NestedProjects) = preSolution
		{D8915AC2-A7D4-B2C3-46BA-B2246DEF3B88} = {CDD463C3-0A0D-49F7-B3D3-A62FF2B2018C}
		{451C5112-37B1-BC11-6D71-DA9E57FA61E1} = {41AAA852-A588-47F8-91D5-1092E161D42E}
		{88B5DC5C-456C-2A28-EB67-95E75CBDADF9} = {41AAA852-A588-47F8-91D5-1092E161D42E}
		{7BA11B30-E7B7-062D-7AE7-F66185438521} = {41AAA852-A588-47F8-91D5-1092E161D42E}
		{2DC1CC9A-E3CB-6642-E85A-4262A8F97A7D} = {41AAA852-A588-47F8-91D5-1092E161D42E}
		{BC528D2E-54CA-BCF9-DD34-6961FC669B64} = {41AAA852-A588-47F8-91D5-1092E161D42E}
		{A83A413D-64B4-7F17-4F6C-35593D94E7C1} = {41AAA852-A588-47F8-91D5-1092E161D42E}
		{4C2D61AF-8213-00D7-D8BF-4A8B44B9D1BE} = {41AAA852-A588-47F8-91D5-1092E161D42E}
	EndGlobalSection
	GlobalSection(ExtensibilityGlobals) = postSolution
		SolutionGuid = {D6DF958C-312B-4380-AB66-978EC8930DD6}
	EndGlobalSection
EndGlobal
